
Microsoft Visual Studio Solution File, Format Version 12.00
# Visual Studio Version 17
VisualStudioVersion = 17.14.36401.2 d17.14
MinimumVisualStudioVersion = 10.0.40219.1
Project("{FAE04EC0-301F-11D3-BF4B-00C04F79EFBC}") = "Blog.Web", "Blog.Web\Blog.Web.csproj", "{EA5FF8B0-A8AD-4C24-B6DC-0EDED6EF2581}"
EndProject
Global
	GlobalSection(SolutionConfigurationPlatforms) = preSolution
		Debug|Any CPU = Debug|Any CPU
		Release|Any CPU = Release|Any CPU
	EndGlobalSection
	GlobalSection(ProjectConfigurationPlatforms) = postSolution
		{EA5FF8B0-A8AD-4C24-B6DC-0EDED6EF2581}.Debug|Any CPU.ActiveCfg = Debug|Any CPU
		{EA5FF8B0-A8AD-4C24-B6DC-0EDED6EF2581}.Debug|Any CPU.Build.0 = Debug|Any CPU
		{EA5FF8B0-A8AD-4C24-B6DC-0EDED6EF2581}.Release|Any CPU.ActiveCfg = Release|Any CPU
		{EA5FF8B0-A8AD-4C24-B6DC-0EDED6EF2581}.Release|Any CPU.Build.0 = Release|Any CPU
	EndGlobalSection
	GlobalSection(SolutionProperties) = preSolution
		HideSolutionNode = FALSE
	EndGlobalSection
	GlobalSection(ExtensibilityGlobals) = postSolution
		SolutionGuid = {9BBD7975-0779-4707-9BEF-D1B102801905}
	EndGlobalSection
EndGlobal
